
Microsoft Visual Studio Solution File, Format Version 12.00
# Visual Studio Version 17
VisualStudioVersion = 17.11.34909.67
MinimumVisualStudioVersion = 10.0.40219.1
Project("{FAE04EC0-301F-11D3-BF4B-00C04F79EFBC}") = "Actions.UWP", "Actions.UWP\Actions.UWP.csproj", "{9D842547-BF5D-424F-9C47-FF84C4693176}"
EndProject
Project("{FAE04EC0-301F-11D3-BF4B-00C04F79EFBC}") = "CaliburnDemo.UWP", "CaliburnDemo.UWP\CaliburnDemo.UWP.csproj", "{7F628734-F371-4340-B76F-E34011F7EEF3}"
EndProject
Project("{FAE04EC0-301F-11D3-BF4B-00C04F79EFBC}") = "DesignData.UWP", "DesignData.UWP\DesignData.UWP.csproj", "{D1D53FCB-7D0B-406A-AFCF-77B39B702094}"
EndProject
Project("{FAE04EC0-301F-11D3-BF4B-00C04F79EFBC}") = "Messages.UWP", "Messages.UWP\Messages.UWP.csproj", "{52B4131A-CC5B-40F5-8A73-0C899A16FB6A}"
EndProject
Project("{FAE04EC0-301F-11D3-BF4B-00C04F79EFBC}") = "Navigation.UWP", "Navigation.UWP\Navigation.UWP.csproj", "{6ABB7CC7-D2F1-4BA3-ADCF-8EF672DE7B8A}"
EndProject
Global
	GlobalSection(SolutionConfigurationPlatforms) = preSolution
		Debug|Any CPU = Debug|Any CPU
		Debug|ARM = Debug|ARM
		Debug|ARM64 = Debug|ARM64
		Debug|x64 = Debug|x64
		Debug|x86 = Debug|x86
		Release|Any CPU = Release|Any CPU
		Release|ARM = Release|ARM
		Release|ARM64 = Release|ARM64
		Release|x64 = Release|x64
		Release|x86 = Release|x86
	EndGlobalSection
	GlobalSection(ProjectConfigurationPlatforms) = postSolution
		{9D842547-BF5D-424F-9C47-FF84C4693176}.Debug|Any CPU.ActiveCfg = Debug|x64
		{9D842547-BF5D-424F-9C47-FF84C4693176}.Debug|Any CPU.Build.0 = Debug|x64
		{9D842547-BF5D-424F-9C47-FF84C4693176}.Debug|Any CPU.Deploy.0 = Debug|x64
		{9D842547-BF5D-424F-9C47-FF84C4693176}.Debug|ARM.ActiveCfg = Debug|ARM
		{9D842547-BF5D-424F-9C47-FF84C4693176}.Debug|ARM.Build.0 = Debug|ARM
		{9D842547-BF5D-424F-9C47-FF84C4693176}.Debug|ARM.Deploy.0 = Debug|ARM
		{9D842547-BF5D-424F-9C47-FF84C4693176}.Debug|ARM64.ActiveCfg = Debug|ARM64
		{9D842547-BF5D-424F-9C47-FF84C4693176}.Debug|ARM64.Build.0 = Debug|ARM64
		{9D842547-BF5D-424F-9C47-FF84C4693176}.Debug|ARM64.Deploy.0 = Debug|ARM64
		{9D842547-BF5D-424F-9C47-FF84C4693176}.Debug|x64.ActiveCfg = Debug|x64
		{9D842547-BF5D-424F-9C47-FF84C4693176}.Debug|x64.Build.0 = Debug|x64
		{9D842547-BF5D-424F-9C47-FF84C4693176}.Debug|x64.Deploy.0 = Debug|x64
		{9D842547-BF5D-424F-9C47-FF84C4693176}.Debug|x86.ActiveCfg = Debug|x86
		{9D842547-BF5D-424F-9C47-FF84C4693176}.Debug|x86.Build.0 = Debug|x86
		{9D842547-BF5D-424F-9C47-FF84C4693176}.Debug|x86.Deploy.0 = Debug|x86
		{9D842547-BF5D-424F-9C47-FF84C4693176}.Release|Any CPU.ActiveCfg = Release|x64
		{9D842547-BF5D-424F-9C47-FF84C4693176}.Release|Any CPU.Build.0 = Release|x64
		{9D842547-BF5D-424F-9C47-FF84C4693176}.Release|Any CPU.Deploy.0 = Release|x64
		{9D842547-BF5D-424F-9C47-FF84C4693176}.Release|ARM.ActiveCfg = Release|ARM
		{9D842547-BF5D-424F-9C47-FF84C4693176}.Release|ARM.Build.0 = Release|ARM
		{9D842547-BF5D-424F-9C47-FF84C4693176}.Release|ARM.Deploy.0 = Release|ARM
		{9D842547-BF5D-424F-9C47-FF84C4693176}.Release|ARM64.ActiveCfg = Release|ARM64
		{9D842547-BF5D-424F-9C47-FF84C4693176}.Release|ARM64.Build.0 = Release|ARM64
		{9D842547-BF5D-424F-9C47-FF84C4693176}.Release|ARM64.Deploy.0 = Release|ARM64
		{9D842547-BF5D-424F-9C47-FF84C4693176}.Release|x64.ActiveCfg = Release|x64
		{9D842547-BF5D-424F-9C47-FF84C4693176}.Release|x64.Build.0 = Release|x64
		{9D842547-BF5D-424F-9C47-FF84C4693176}.Release|x64.Deploy.0 = Release|x64
		{9D842547-BF5D-424F-9C47-FF84C4693176}.Release|x86.ActiveCfg = Release|x86
		{9D842547-BF5D-424F-9C47-FF84C4693176}.Release|x86.Build.0 = Release|x86
		{9D842547-BF5D-424F-9C47-FF84C4693176}.Release|x86.Deploy.0 = Release|x86
		{7F628734-F371-4340-B76F-E34011F7EEF3}.Debug|Any CPU.ActiveCfg = Debug|x64
		{7F628734-F371-4340-B76F-E34011F7EEF3}.Debug|Any CPU.Build.0 = Debug|x64
		{7F628734-F371-4340-B76F-E34011F7EEF3}.Debug|Any CPU.Deploy.0 = Debug|x64
		{7F628734-F371-4340-B76F-E34011F7EEF3}.Debug|ARM.ActiveCfg = Debug|ARM
		{7F628734-F371-4340-B76F-E34011F7EEF3}.Debug|ARM.Build.0 = Debug|ARM
		{7F628734-F371-4340-B76F-E34011F7EEF3}.Debug|ARM.Deploy.0 = Debug|ARM
		{7F628734-F371-4340-B76F-E34011F7EEF3}.Debug|ARM64.ActiveCfg = Debug|ARM64
		{7F628734-F371-4340-B76F-E34011F7EEF3}.Debug|ARM64.Build.0 = Debug|ARM64
		{7F628734-F371-4340-B76F-E34011F7EEF3}.Debug|ARM64.Deploy.0 = Debug|ARM64
		{7F628734-F371-4340-B76F-E34011F7EEF3}.Debug|x64.ActiveCfg = Debug|x64
		{7F628734-F371-4340-B76F-E34011F7EEF3}.Debug|x64.Build.0 = Debug|x64
		{7F628734-F371-4340-B76F-E34011F7EEF3}.Debug|x64.Deploy.0 = Debug|x64
		{7F628734-F371-4340-B76F-E34011F7EEF3}.Debug|x86.ActiveCfg = Debug|x86
		{7F628734-F371-4340-B76F-E34011F7EEF3}.Debug|x86.Build.0 = Debug|x86
		{7F628734-F371-4340-B76F-E34011F7EEF3}.Debug|x86.Deploy.0 = Debug|x86
		{7F628734-F371-4340-B76F-E34011F7EEF3}.Release|Any CPU.ActiveCfg = Release|x64
		{7F628734-F371-4340-B76F-E34011F7EEF3}.Release|Any CPU.Build.0 = Release|x64
		{7F628734-F371-4340-B76F-E34011F7EEF3}.Release|Any CPU.Deploy.0 = Release|x64
		{7F628734-F371-4340-B76F-E34011F7EEF3}.Release|ARM.ActiveCfg = Release|ARM
		{7F628734-F371-4340-B76F-E34011F7EEF3}.Release|ARM.Build.0 = Release|ARM
		{7F628734-F371-4340-B76F-E34011F7EEF3}.Release|ARM.Deploy.0 = Release|ARM
		{7F628734-F371-4340-B76F-E34011F7EEF3}.Release|ARM64.ActiveCfg = Release|ARM64
		{7F628734-F371-4340-B76F-E34011F7EEF3}.Release|ARM64.Build.0 = Release|ARM64
		{7F628734-F371-4340-B76F-E34011F7EEF3}.Release|ARM64.Deploy.0 = Release|ARM64
		{7F628734-F371-4340-B76F-E34011F7EEF3}.Release|x64.ActiveCfg = Release|x64
		{7F628734-F371-4340-B76F-E34011F7EEF3}.Release|x64.Build.0 = Release|x64
		{7F628734-F371-4340-B76F-E34011F7EEF3}.Release|x64.Deploy.0 = Release|x64
		{7F628734-F371-4340-B76F-E34011F7EEF3}.Release|x86.ActiveCfg = Release|x86
		{7F628734-F371-4340-B76F-E34011F7EEF3}.Release|x86.Build.0 = Release|x86
		{7F628734-F371-4340-B76F-E34011F7EEF3}.Release|x86.Deploy.0 = Release|x86
		{D1D53FCB-7D0B-406A-AFCF-77B39B702094}.Debug|Any CPU.ActiveCfg = Debug|x64
		{D1D53FCB-7D0B-406A-AFCF-77B39B702094}.Debug|Any CPU.Build.0 = Debug|x64
		{D1D53FCB-7D0B-406A-AFCF-77B39B702094}.Debug|Any CPU.Deploy.0 = Debug|x64
		{D1D53FCB-7D0B-406A-AFCF-77B39B702094}.Debug|ARM.ActiveCfg = Debug|ARM
		{D1D53FCB-7D0B-406A-AFCF-77B39B702094}.Debug|ARM.Build.0 = Debug|ARM
		{D1D53FCB-7D0B-406A-AFCF-77B39B702094}.Debug|ARM.Deploy.0 = Debug|ARM
		{D1D53FCB-7D0B-406A-AFCF-77B39B702094}.Debug|ARM64.ActiveCfg = Debug|ARM64
		{D1D53FCB-7D0B-406A-AFCF-77B39B702094}.Debug|ARM64.Build.0 = Debug|ARM64
		{D1D53FCB-7D0B-406A-AFCF-77B39B702094}.Debug|ARM64.Deploy.0 = Debug|ARM64
		{D1D53FCB-7D0B-406A-AFCF-77B39B702094}.Debug|x64.ActiveCfg = Debug|x64
		{D1D53FCB-7D0B-406A-AFCF-77B39B702094}.Debug|x64.Build.0 = Debug|x64
		{D1D53FCB-7D0B-406A-AFCF-77B39B702094}.Debug|x64.Deploy.0 = Debug|x64
		{D1D53FCB-7D0B-406A-AFCF-77B39B702094}.Debug|x86.ActiveCfg = Debug|x86
		{D1D53FCB-7D0B-406A-AFCF-77B39B702094}.Debug|x86.Build.0 = Debug|x86
		{D1D53FCB-7D0B-406A-AFCF-77B39B702094}.Debug|x86.Deploy.0 = Debug|x86
		{D1D53FCB-7D0B-406A-AFCF-77B39B702094}.Release|Any CPU.ActiveCfg = Release|x64
		{D1D53FCB-7D0B-406A-AFCF-77B39B702094}.Release|Any CPU.Build.0 = Release|x64
		{D1D53FCB-7D0B-406A-AFCF-77B39B702094}.Release|Any CPU.Deploy.0 = Release|x64
		{D1D53FCB-7D0B-406A-AFCF-77B39B702094}.Release|ARM.ActiveCfg = Release|ARM
		{D1D53FCB-7D0B-406A-AFCF-77B39B702094}.Release|ARM.Build.0 = Release|ARM
		{D1D53FCB-7D0B-406A-AFCF-77B39B702094}.Release|ARM.Deploy.0 = Release|ARM
		{D1D53FCB-7D0B-406A-AFCF-77B39B702094}.Release|ARM64.ActiveCfg = Release|ARM64
		{D1D53FCB-7D0B-406A-AFCF-77B39B702094}.Release|ARM64.Build.0 = Release|ARM64
		{D1D53FCB-7D0B-406A-AFCF-77B39B702094}.Release|ARM64.Deploy.0 = Release|ARM64
		{D1D53FCB-7D0B-406A-AFCF-77B39B702094}.Release|x64.ActiveCfg = Release|x64
		{D1D53FCB-7D0B-406A-AFCF-77B39B702094}.Release|x64.Build.0 = Release|x64
		{D1D53FCB-7D0B-406A-AFCF-77B39B702094}.Release|x64.Deploy.0 = Release|x64
		{D1D53FCB-7D0B-406A-AFCF-77B39B702094}.Release|x86.ActiveCfg = Release|x86
		{D1D53FCB-7D0B-406A-AFCF-77B39B702094}.Release|x86.Build.0 = Release|x86
		{D1D53FCB-7D0B-406A-AFCF-77B39B702094}.Release|x86.Deploy.0 = Release|x86
		{52B4131A-CC5B-40F5-8A73-0C899A16FB6A}.Debug|Any CPU.ActiveCfg = Debug|x64
		{52B4131A-CC5B-40F5-8A73-0C899A16FB6A}.Debug|Any CPU.Build.0 = Debug|x64
		{52B4131A-CC5B-40F5-8A73-0C899A16FB6A}.Debug|Any CPU.Deploy.0 = Debug|x64
		{52B4131A-CC5B-40F5-8A73-0C899A16FB6A}.Debug|ARM.ActiveCfg = Debug|ARM
		{52B4131A-CC5B-40F5-8A73-0C899A16FB6A}.Debug|ARM.Build.0 = Debug|ARM
		{52B4131A-CC5B-40F5-8A73-0C899A16FB6A}.Debug|ARM.Deploy.0 = Debug|ARM
		{52B4131A-CC5B-40F5-8A73-0C899A16FB6A}.Debug|ARM64.ActiveCfg = Debug|ARM64
		{52B4131A-CC5B-40F5-8A73-0C899A16FB6A}.Debug|ARM64.Build.0 = Debug|ARM64
		{52B4131A-CC5B-40F5-8A73-0C899A16FB6A}.Debug|ARM64.Deploy.0 = Debug|ARM64
		{52B4131A-CC5B-40F5-8A73-0C899A16FB6A}.Debug|x64.ActiveCfg = Debug|x64
		{52B4131A-CC5B-40F5-8A73-0C899A16FB6A}.Debug|x64.Build.0 = Debug|x64
		{52B4131A-CC5B-40F5-8A73-0C899A16FB6A}.Debug|x64.Deploy.0 = Debug|x64
		{52B4131A-CC5B-40F5-8A73-0C899A16FB6A}.Debug|x86.ActiveCfg = Debug|x86
		{52B4131A-CC5B-40F5-8A73-0C899A16FB6A}.Debug|x86.Build.0 = Debug|x86
		{52B4131A-CC5B-40F5-8A73-0C899A16FB6A}.Debug|x86.Deploy.0 = Debug|x86
		{52B4131A-CC5B-40F5-8A73-0C899A16FB6A}.Release|Any CPU.ActiveCfg = Release|x64
		{52B4131A-CC5B-40F5-8A73-0C899A16FB6A}.Release|Any CPU.Build.0 = Release|x64
		{52B4131A-CC5B-40F5-8A73-0C899A16FB6A}.Release|Any CPU.Deploy.0 = Release|x64
		{52B4131A-CC5B-40F5-8A73-0C899A16FB6A}.Release|ARM.ActiveCfg = Release|ARM
		{52B4131A-CC5B-40F5-8A73-0C899A16FB6A}.Release|ARM.Build.0 = Release|ARM
		{52B4131A-CC5B-40F5-8A73-0C899A16FB6A}.Release|ARM.Deploy.0 = Release|ARM
		{52B4131A-CC5B-40F5-8A73-0C899A16FB6A}.Release|ARM64.ActiveCfg = Release|ARM64
		{52B4131A-CC5B-40F5-8A73-0C899A16FB6A}.Release|ARM64.Build.0 = Release|ARM64
		{52B4131A-CC5B-40F5-8A73-0C899A16FB6A}.Release|ARM64.Deploy.0 = Release|ARM64
		{52B4131A-CC5B-40F5-8A73-0C899A16FB6A}.Release|x64.ActiveCfg = Release|x64
		{52B4131A-CC5B-40F5-8A73-0C899A16FB6A}.Release|x64.Build.0 = Release|x64
		{52B4131A-CC5B-40F5-8A73-0C899A16FB6A}.Release|x64.Deploy.0 = Release|x64
		{52B4131A-CC5B-40F5-8A73-0C899A16FB6A}.Release|x86.ActiveCfg = Release|x86
		{52B4131A-CC5B-40F5-8A73-0C899A16FB6A}.Release|x86.Build.0 = Release|x86
		{52B4131A-CC5B-40F5-8A73-0C899A16FB6A}.Release|x86.Deploy.0 = Release|x86
		{6ABB7CC7-D2F1-4BA3-ADCF-8EF672DE7B8A}.Debug|Any CPU.ActiveCfg = Debug|x64
		{6ABB7CC7-D2F1-4BA3-ADCF-8EF672DE7B8A}.Debug|Any CPU.Build.0 = Debug|x64
		{6ABB7CC7-D2F1-4BA3-ADCF-8EF672DE7B8A}.Debug|Any CPU.Deploy.0 = Debug|x64
		{6ABB7CC7-D2F1-4BA3-ADCF-8EF672DE7B8A}.Debug|ARM.ActiveCfg = Debug|ARM
		{6ABB7CC7-D2F1-4BA3-ADCF-8EF672DE7B8A}.Debug|ARM.Build.0 = Debug|ARM
		{6ABB7CC7-D2F1-4BA3-ADCF-8EF672DE7B8A}.Debug|ARM.Deploy.0 = Debug|ARM
		{6ABB7CC7-D2F1-4BA3-ADCF-8EF672DE7B8A}.Debug|ARM64.ActiveCfg = Debug|ARM64
		{6ABB7CC7-D2F1-4BA3-ADCF-8EF672DE7B8A}.Debug|ARM64.Build.0 = Debug|ARM64
		{6ABB7CC7-D2F1-4BA3-ADCF-8EF672DE7B8A}.Debug|ARM64.Deploy.0 = Debug|ARM64
		{6ABB7CC7-D2F1-4BA3-ADCF-8EF672DE7B8A}.Debug|x64.ActiveCfg = Debug|x64
		{6ABB7CC7-D2F1-4BA3-ADCF-8EF672DE7B8A}.Debug|x64.Build.0 = Debug|x64
		{6ABB7CC7-D2F1-4BA3-ADCF-8EF672DE7B8A}.Debug|x64.Deploy.0 = Debug|x64
		{6ABB7CC7-D2F1-4BA3-ADCF-8EF672DE7B8A}.Debug|x86.ActiveCfg = Debug|x86
		{6ABB7CC7-D2F1-4BA3-ADCF-8EF672DE7B8A}.Debug|x86.Build.0 = Debug|x86
		{6ABB7CC7-D2F1-4BA3-ADCF-8EF672DE7B8A}.Debug|x86.Deploy.0 = Debug|x86
		{6ABB7CC7-D2F1-4BA3-ADCF-8EF672DE7B8A}.Release|Any CPU.ActiveCfg = Release|x64
		{6ABB7CC7-D2F1-4BA3-ADCF-8EF672DE7B8A}.Release|Any CPU.Build.0 = Release|x64
		{6ABB7CC7-D2F1-4BA3-ADCF-8EF672DE7B8A}.Release|Any CPU.Deploy.0 = Release|x64
		{6ABB7CC7-D2F1-4BA3-ADCF-8EF672DE7B8A}.Release|ARM.ActiveCfg = Release|ARM
		{6ABB7CC7-D2F1-4BA3-ADCF-8EF672DE7B8A}.Release|ARM.Build.0 = Release|ARM
		{6ABB7CC7-D2F1-4BA3-ADCF-8EF672DE7B8A}.Release|ARM.Deploy.0 = Release|ARM
		{6ABB7CC7-D2F1-4BA3-ADCF-8EF672DE7B8A}.Release|ARM64.ActiveCfg = Release|ARM64
		{6ABB7CC7-D2F1-4BA3-ADCF-8EF672DE7B8A}.Release|ARM64.Build.0 = Release|ARM64
		{6ABB7CC7-D2F1-4BA3-ADCF-8EF672DE7B8A}.Release|ARM64.Deploy.0 = Release|ARM64
		{6ABB7CC7-D2F1-4BA3-ADCF-8EF672DE7B8A}.Release|x64.ActiveCfg = Release|x64
		{6ABB7CC7-D2F1-4BA3-ADCF-8EF672DE7B8A}.Release|x64.Build.0 = Release|x64
		{6ABB7CC7-D2F1-4BA3-ADCF-8EF672DE7B8A}.Release|x64.Deploy.0 = Release|x64
		{6ABB7CC7-D2F1-4BA3-ADCF-8EF672DE7B8A}.Release|x86.ActiveCfg = Release|x86
		{6ABB7CC7-D2F1-4BA3-ADCF-8EF672DE7B8A}.Release|x86.Build.0 = Release|x86
		{6ABB7CC7-D2F1-4BA3-ADCF-8EF672DE7B8A}.Release|x86.Deploy.0 = Release|x86
	EndGlobalSection
	GlobalSection(SolutionProperties) = preSolution
		HideSolutionNode = FALSE
	EndGlobalSection
	GlobalSection(ExtensibilityGlobals) = postSolution
		SolutionGuid = {1D20AE50-74CF-4E2D-AB4C-0CB9E01C3157}
	EndGlobalSection
EndGlobal
